
Microsoft Visual Studio Solution File, Format Version 12.00
# Visual Studio Version 17
VisualStudioVersion = 17.9.34622.214
MinimumVisualStudioVersion = 10.0.40219.1
Project("{FAE04EC0-301F-11D3-BF4B-00C04F79EFBC}") = "Feud", "Feud\Feud.csproj", "{D1E85BE4-FE91-4F10-96E8-28005F20E56B}"
EndProject
Global
	GlobalSection(SolutionConfigurationPlatforms) = preSolution
		Debug|Any CPU = Debug|Any CPU
		Release|Any CPU = Release|Any CPU
	EndGlobalSection
	GlobalSection(ProjectConfigurationPlatforms) = postSolution
		{D1E85BE4-FE91-4F10-96E8-28005F20E56B}.Debug|Any CPU.ActiveCfg = Debug|Any CPU
		{D1E85BE4-FE91-4F10-96E8-28005F20E56B}.Debug|Any CPU.Build.0 = Debug|Any CPU
		{D1E85BE4-FE91-4F10-96E8-28005F20E56B}.Release|Any CPU.ActiveCfg = Release|Any CPU
		{D1E85BE4-FE91-4F10-96E8-28005F20E56B}.Release|Any CPU.Build.0 = Release|Any CPU
	EndGlobalSection
	GlobalSection(SolutionProperties) = preSolution
		HideSolutionNode = FALSE
	EndGlobalSection
	GlobalSection(ExtensibilityGlobals) = postSolution
		SolutionGuid = {78ABC91A-76A9-4FD3-AE0F-320BEF6F84E4}
	EndGlobalSection
EndGlobal
