
Microsoft Visual Studio Solution File, Format Version 12.00
# Visual Studio Version 17
VisualStudioVersion = 17.9.34616.47
MinimumVisualStudioVersion = 10.0.40219.1
Project("{FAE04EC0-301F-11D3-BF4B-00C04F79EFBC}") = "Bonus Assigments", "Bonus Assigments\Bonus Assigments.csproj", "{F1A83079-6267-4924-96F9-92396C3F400B}"
EndProject
Global
	GlobalSection(SolutionConfigurationPlatforms) = preSolution
		Debug|Any CPU = Debug|Any CPU
		Release|Any CPU = Release|Any CPU
	EndGlobalSection
	GlobalSection(ProjectConfigurationPlatforms) = postSolution
		{F1A83079-6267-4924-96F9-92396C3F400B}.Debug|Any CPU.ActiveCfg = Debug|Any CPU
		{F1A83079-6267-4924-96F9-92396C3F400B}.Debug|Any CPU.Build.0 = Debug|Any CPU
		{F1A83079-6267-4924-96F9-92396C3F400B}.Release|Any CPU.ActiveCfg = Release|Any CPU
		{F1A83079-6267-4924-96F9-92396C3F400B}.Release|Any CPU.Build.0 = Release|Any CPU
	EndGlobalSection
	GlobalSection(SolutionProperties) = preSolution
		HideSolutionNode = FALSE
	EndGlobalSection
	GlobalSection(ExtensibilityGlobals) = postSolution
		SolutionGuid = {6C8EB1E4-30CB-4718-B266-89122FBBE5D1}
	EndGlobalSection
EndGlobal
