
Microsoft Visual Studio Solution File, Format Version 12.00
# Visual Studio Version 17
VisualStudioVersion = 17.9.34616.47
MinimumVisualStudioVersion = 10.0.40219.1
Project("{FAE04EC0-301F-11D3-BF4B-00C04F79EFBC}") = "Bank of MineCraft", "Bank of MineCraft\Bank of MineCraft.csproj", "{AC4AF6DF-6FE1-41A9-89E7-9C1C436BF61B}"
EndProject
Global
	GlobalSection(SolutionConfigurationPlatforms) = preSolution
		Debug|Any CPU = Debug|Any CPU
		Release|Any CPU = Release|Any CPU
	EndGlobalSection
	GlobalSection(ProjectConfigurationPlatforms) = postSolution
		{AC4AF6DF-6FE1-41A9-89E7-9C1C436BF61B}.Debug|Any CPU.ActiveCfg = Debug|Any CPU
		{AC4AF6DF-6FE1-41A9-89E7-9C1C436BF61B}.Debug|Any CPU.Build.0 = Debug|Any CPU
		{AC4AF6DF-6FE1-41A9-89E7-9C1C436BF61B}.Release|Any CPU.ActiveCfg = Release|Any CPU
		{AC4AF6DF-6FE1-41A9-89E7-9C1C436BF61B}.Release|Any CPU.Build.0 = Release|Any CPU
	EndGlobalSection
	GlobalSection(SolutionProperties) = preSolution
		HideSolutionNode = FALSE
	EndGlobalSection
	GlobalSection(ExtensibilityGlobals) = postSolution
		SolutionGuid = {8637C44B-3C35-4D42-A61F-3525E6D94C9F}
	EndGlobalSection
EndGlobal
