
Microsoft Visual Studio Solution File, Format Version 12.00
# Visual Studio Version 17
VisualStudioVersion = 17.9.34616.47
MinimumVisualStudioVersion = 10.0.40219.1
Project("{FAE04EC0-301F-11D3-BF4B-00C04F79EFBC}") = "TiCat Clone", "TiCat Clone\TiCat Clone.csproj", "{192B6A29-D9DF-4028-9D87-0915F4E3174E}"
EndProject
Global
	GlobalSection(SolutionConfigurationPlatforms) = preSolution
		Debug|Any CPU = Debug|Any CPU
		Release|Any CPU = Release|Any CPU
	EndGlobalSection
	GlobalSection(ProjectConfigurationPlatforms) = postSolution
		{192B6A29-D9DF-4028-9D87-0915F4E3174E}.Debug|Any CPU.ActiveCfg = Debug|Any CPU
		{192B6A29-D9DF-4028-9D87-0915F4E3174E}.Debug|Any CPU.Build.0 = Debug|Any CPU
		{192B6A29-D9DF-4028-9D87-0915F4E3174E}.Release|Any CPU.ActiveCfg = Release|Any CPU
		{192B6A29-D9DF-4028-9D87-0915F4E3174E}.Release|Any CPU.Build.0 = Release|Any CPU
	EndGlobalSection
	GlobalSection(SolutionProperties) = preSolution
		HideSolutionNode = FALSE
	EndGlobalSection
	GlobalSection(ExtensibilityGlobals) = postSolution
		SolutionGuid = {9D693BC4-B7C0-481F-9C53-0F93AA8A4A88}
	EndGlobalSection
EndGlobal
