
Microsoft Visual Studio Solution File, Format Version 12.00
# Visual Studio Version 17
VisualStudioVersion = 17.9.34616.47
MinimumVisualStudioVersion = 10.0.40219.1
Project("{FAE04EC0-301F-11D3-BF4B-00C04F79EFBC}") = "SlotsMachine", "SlotsMachine\SlotsMachine.csproj", "{43AF2CAF-3F3C-44D3-ABB3-8EF6EA0305D5}"
EndProject
Global
	GlobalSection(SolutionConfigurationPlatforms) = preSolution
		Debug|Any CPU = Debug|Any CPU
		Release|Any CPU = Release|Any CPU
	EndGlobalSection
	GlobalSection(ProjectConfigurationPlatforms) = postSolution
		{43AF2CAF-3F3C-44D3-ABB3-8EF6EA0305D5}.Debug|Any CPU.ActiveCfg = Debug|Any CPU
		{43AF2CAF-3F3C-44D3-ABB3-8EF6EA0305D5}.Debug|Any CPU.Build.0 = Debug|Any CPU
		{43AF2CAF-3F3C-44D3-ABB3-8EF6EA0305D5}.Release|Any CPU.ActiveCfg = Release|Any CPU
		{43AF2CAF-3F3C-44D3-ABB3-8EF6EA0305D5}.Release|Any CPU.Build.0 = Release|Any CPU
	EndGlobalSection
	GlobalSection(SolutionProperties) = preSolution
		HideSolutionNode = FALSE
	EndGlobalSection
	GlobalSection(ExtensibilityGlobals) = postSolution
		SolutionGuid = {452649F0-0C32-4A57-88E6-DD5F01D87FE1}
	EndGlobalSection
EndGlobal
